// !$*UTF8*$!
{
	archiveVersion = 1;
	classes = {
	};
	objectVersion = 48;
	objects = {

/* Begin PBXBuildFile section */
		346DEC8BF3745E06B5B2420C /* Pods_Personal_BudgetTests.framework in Frameworks */ = {isa = PBXBuildFile; fileRef = 04FA2AF0E35B20F0474771DA /* Pods_Personal_BudgetTests.framework */; };
		3E45DAFF23B21878A500F6FF /* Pods_Personal_BudgetUITests.framework in Frameworks */ = {isa = PBXBuildFile; fileRef = 945FF86BA231ED3FFD52C02D /* Pods_Personal_BudgetUITests.framework */; };
		858684A11E57BEF418D2FC28 /* Pods_Personal_Budget.framework in Frameworks */ = {isa = PBXBuildFile; fileRef = 420E49C9770317A2477DD894 /* Pods_Personal_Budget.framework */; };
		F2014CF4202D43E000E28142 /* Money.swift in Sources */ = {isa = PBXBuildFile; fileRef = F2014CEC202D43DF00E28142 /* Money.swift */; };
		F2014CF5202D43E000E28142 /* Currency.swift in Sources */ = {isa = PBXBuildFile; fileRef = F2014CED202D43DF00E28142 /* Currency.swift */; };
		F2014CF6202D43E000E28142 /* ISOMoney.swift in Sources */ = {isa = PBXBuildFile; fileRef = F2014CEE202D43DF00E28142 /* ISOMoney.swift */; };
		F2014CF7202D43E000E28142 /* NSLocale+Extensions.swift in Sources */ = {isa = PBXBuildFile; fileRef = F2014CEF202D43DF00E28142 /* NSLocale+Extensions.swift */; };
		F2014CF8202D43E000E28142 /* MoneyProtocol.swift in Sources */ = {isa = PBXBuildFile; fileRef = F2014CF0202D43DF00E28142 /* MoneyProtocol.swift */; };
		F2014CF9202D43E000E28142 /* Autogenerated.swift in Sources */ = {isa = PBXBuildFile; fileRef = F2014CF1202D43E000E28142 /* Autogenerated.swift */; };
		F2014CFA202D43E000E28142 /* CurrencyProtocol.swift in Sources */ = {isa = PBXBuildFile; fileRef = F2014CF2202D43E000E28142 /* CurrencyProtocol.swift */; };
		F2014CFB202D43E000E28142 /* Decimal+Extensions.swift in Sources */ = {isa = PBXBuildFile; fileRef = F2014CF3202D43E000E28142 /* Decimal+Extensions.swift */; };
		F2014D00202D455900E28142 /* MoneyTestViewController.swift in Sources */ = {isa = PBXBuildFile; fileRef = F2014CFF202D455900E28142 /* MoneyTestViewController.swift */; };
		F20F1C511F94273A00059BAA /* AppDelegate.swift in Sources */ = {isa = PBXBuildFile; fileRef = F20F1C501F94273A00059BAA /* AppDelegate.swift */; };
		F20F1C561F94273A00059BAA /* Main.storyboard in Resources */ = {isa = PBXBuildFile; fileRef = F20F1C541F94273A00059BAA /* Main.storyboard */; };
		F20F1C581F94273A00059BAA /* Assets.xcassets in Resources */ = {isa = PBXBuildFile; fileRef = F20F1C571F94273A00059BAA /* Assets.xcassets */; };
		F20F1C5B1F94273A00059BAA /* LaunchScreen.storyboard in Resources */ = {isa = PBXBuildFile; fileRef = F20F1C591F94273A00059BAA /* LaunchScreen.storyboard */; };
		F20F1C661F94273A00059BAA /* Personal_BudgetTests.swift in Sources */ = {isa = PBXBuildFile; fileRef = F20F1C651F94273A00059BAA /* Personal_BudgetTests.swift */; };
		F20F1C711F94273A00059BAA /* Personal_BudgetUITests.swift in Sources */ = {isa = PBXBuildFile; fileRef = F20F1C701F94273A00059BAA /* Personal_BudgetUITests.swift */; };
		F24636E91F99924C00B5EB2D /* LoginViewController.swift in Sources */ = {isa = PBXBuildFile; fileRef = F24636E81F99924B00B5EB2D /* LoginViewController.swift */; };
		F24636F11F99B75B00B5EB2D /* MainMenuController.swift in Sources */ = {isa = PBXBuildFile; fileRef = F24636F01F99B75B00B5EB2D /* MainMenuController.swift */; };
		F24636F31F99CA3B00B5EB2D /* AddController.swift in Sources */ = {isa = PBXBuildFile; fileRef = F24636F21F99CA3B00B5EB2D /* AddController.swift */; };
		F24636F61F9AC4AF00B5EB2D /* NewAccountController.swift in Sources */ = {isa = PBXBuildFile; fileRef = F24636F51F9AC4AF00B5EB2D /* NewAccountController.swift */; };
		F2AD7E8B1FEDA28F003D720D /* SpendingsController.swift in Sources */ = {isa = PBXBuildFile; fileRef = F2AD7E8A1FEDA28F003D720D /* SpendingsController.swift */; };
		F2BEB1B11F9D4E4600A3BFD6 /* DataBase.swift in Sources */ = {isa = PBXBuildFile; fileRef = F2BEB1B01F9D4E4600A3BFD6 /* DataBase.swift */; };
		F2F85FAB1FA7AE43005E2474 /* GoogleService-Info.plist in Resources */ = {isa = PBXBuildFile; fileRef = F2F85FAA1FA7AE43005E2474 /* GoogleService-Info.plist */; };
/* End PBXBuildFile section */

/* Begin PBXContainerItemProxy section */
		F20F1C621F94273A00059BAA /* PBXContainerItemProxy */ = {
			isa = PBXContainerItemProxy;
			containerPortal = F20F1C451F94273A00059BAA /* Project object */;
			proxyType = 1;
			remoteGlobalIDString = F20F1C4C1F94273A00059BAA;
			remoteInfo = "Personal Budget";
		};
		F20F1C6D1F94273A00059BAA /* PBXContainerItemProxy */ = {
			isa = PBXContainerItemProxy;
			containerPortal = F20F1C451F94273A00059BAA /* Project object */;
			proxyType = 1;
			remoteGlobalIDString = F20F1C4C1F94273A00059BAA;
			remoteInfo = "Personal Budget";
		};
/* End PBXContainerItemProxy section */

/* Begin PBXFileReference section */
		0227ED621DD256AC877B3275 /* Pods-Personal Budget.release.xcconfig */ = {isa = PBXFileReference; includeInIndex = 1; lastKnownFileType = text.xcconfig; name = "Pods-Personal Budget.release.xcconfig"; path = "Pods/Target Support Files/Pods-Personal Budget/Pods-Personal Budget.release.xcconfig"; sourceTree = "<group>"; };
		04FA2AF0E35B20F0474771DA /* Pods_Personal_BudgetTests.framework */ = {isa = PBXFileReference; explicitFileType = wrapper.framework; includeInIndex = 0; path = Pods_Personal_BudgetTests.framework; sourceTree = BUILT_PRODUCTS_DIR; };
		0D1120DF4B55C8D79DE3137F /* Pods-Personal BudgetTests.debug.xcconfig */ = {isa = PBXFileReference; includeInIndex = 1; lastKnownFileType = text.xcconfig; name = "Pods-Personal BudgetTests.debug.xcconfig"; path = "Pods/Target Support Files/Pods-Personal BudgetTests/Pods-Personal BudgetTests.debug.xcconfig"; sourceTree = "<group>"; };
		25A95D03A8BC7E38F354A954 /* Pods-Personal Budget.debug.xcconfig */ = {isa = PBXFileReference; includeInIndex = 1; lastKnownFileType = text.xcconfig; name = "Pods-Personal Budget.debug.xcconfig"; path = "Pods/Target Support Files/Pods-Personal Budget/Pods-Personal Budget.debug.xcconfig"; sourceTree = "<group>"; };
		420E49C9770317A2477DD894 /* Pods_Personal_Budget.framework */ = {isa = PBXFileReference; explicitFileType = wrapper.framework; includeInIndex = 0; path = Pods_Personal_Budget.framework; sourceTree = BUILT_PRODUCTS_DIR; };
		7394AC932BC09C316E6F02B6 /* Pods-Personal BudgetTests.release.xcconfig */ = {isa = PBXFileReference; includeInIndex = 1; lastKnownFileType = text.xcconfig; name = "Pods-Personal BudgetTests.release.xcconfig"; path = "Pods/Target Support Files/Pods-Personal BudgetTests/Pods-Personal BudgetTests.release.xcconfig"; sourceTree = "<group>"; };
		945FF86BA231ED3FFD52C02D /* Pods_Personal_BudgetUITests.framework */ = {isa = PBXFileReference; explicitFileType = wrapper.framework; includeInIndex = 0; path = Pods_Personal_BudgetUITests.framework; sourceTree = BUILT_PRODUCTS_DIR; };
		AC9D371D7DF321D629C1A7C8 /* Pods-Personal BudgetUITests.release.xcconfig */ = {isa = PBXFileReference; includeInIndex = 1; lastKnownFileType = text.xcconfig; name = "Pods-Personal BudgetUITests.release.xcconfig"; path = "Pods/Target Support Files/Pods-Personal BudgetUITests/Pods-Personal BudgetUITests.release.xcconfig"; sourceTree = "<group>"; };
		EC8C542310FA05C808D04863 /* Pods-Personal BudgetUITests.debug.xcconfig */ = {isa = PBXFileReference; includeInIndex = 1; lastKnownFileType = text.xcconfig; name = "Pods-Personal BudgetUITests.debug.xcconfig"; path = "Pods/Target Support Files/Pods-Personal BudgetUITests/Pods-Personal BudgetUITests.debug.xcconfig"; sourceTree = "<group>"; };
		F2014CEC202D43DF00E28142 /* Money.swift */ = {isa = PBXFileReference; fileEncoding = 4; lastKnownFileType = sourcecode.swift; name = Money.swift; path = ../../../../Documents/Repos/Money/Money/Sources/Money.swift; sourceTree = "<group>"; };
		F2014CED202D43DF00E28142 /* Currency.swift */ = {isa = PBXFileReference; fileEncoding = 4; lastKnownFileType = sourcecode.swift; name = Currency.swift; path = ../../../../Documents/Repos/Money/Money/Sources/Currency.swift; sourceTree = "<group>"; };
		F2014CEE202D43DF00E28142 /* ISOMoney.swift */ = {isa = PBXFileReference; fileEncoding = 4; lastKnownFileType = sourcecode.swift; name = ISOMoney.swift; path = ../../../../Documents/Repos/Money/Money/Sources/ISOMoney.swift; sourceTree = "<group>"; };
		F2014CEF202D43DF00E28142 /* NSLocale+Extensions.swift */ = {isa = PBXFileReference; fileEncoding = 4; lastKnownFileType = sourcecode.swift; name = "NSLocale+Extensions.swift"; path = "../../../../Documents/Repos/Money/Money/Sources/NSLocale+Extensions.swift"; sourceTree = "<group>"; };
		F2014CF0202D43DF00E28142 /* MoneyProtocol.swift */ = {isa = PBXFileReference; fileEncoding = 4; lastKnownFileType = sourcecode.swift; name = MoneyProtocol.swift; path = ../../../../Documents/Repos/Money/Money/Sources/MoneyProtocol.swift; sourceTree = "<group>"; };
		F2014CF1202D43E000E28142 /* Autogenerated.swift */ = {isa = PBXFileReference; fileEncoding = 4; lastKnownFileType = sourcecode.swift; name = Autogenerated.swift; path = ../../../../Documents/Repos/Money/Money/Sources/Autogenerated.swift; sourceTree = "<group>"; };
		F2014CF2202D43E000E28142 /* CurrencyProtocol.swift */ = {isa = PBXFileReference; fileEncoding = 4; lastKnownFileType = sourcecode.swift; name = CurrencyProtocol.swift; path = ../../../../Documents/Repos/Money/Money/Sources/CurrencyProtocol.swift; sourceTree = "<group>"; };
		F2014CF3202D43E000E28142 /* Decimal+Extensions.swift */ = {isa = PBXFileReference; fileEncoding = 4; lastKnownFileType = sourcecode.swift; name = "Decimal+Extensions.swift"; path = "../../../../Documents/Repos/Money/Money/Sources/Decimal+Extensions.swift"; sourceTree = "<group>"; };
		F2014CFC202D43F200E28142 /* Money.h */ = {isa = PBXFileReference; fileEncoding = 4; lastKnownFileType = sourcecode.c.h; name = Money.h; path = "../../../../Documents/Repos/Money/Money/Supporting Files/Money.h"; sourceTree = "<group>"; };
		F2014CFF202D455900E28142 /* MoneyTestViewController.swift */ = {isa = PBXFileReference; lastKnownFileType = sourcecode.swift; path = MoneyTestViewController.swift; sourceTree = "<group>"; };
		F20F1C4D1F94273A00059BAA /* Personal Budget.app */ = {isa = PBXFileReference; explicitFileType = wrapper.application; includeInIndex = 0; path = "Personal Budget.app"; sourceTree = BUILT_PRODUCTS_DIR; };
		F20F1C501F94273A00059BAA /* AppDelegate.swift */ = {isa = PBXFileReference; lastKnownFileType = sourcecode.swift; path = AppDelegate.swift; sourceTree = "<group>"; };
		F20F1C551F94273A00059BAA /* Base */ = {isa = PBXFileReference; lastKnownFileType = file.storyboard; name = Base; path = Base.lproj/Main.storyboard; sourceTree = "<group>"; };
		F20F1C571F94273A00059BAA /* Assets.xcassets */ = {isa = PBXFileReference; lastKnownFileType = folder.assetcatalog; path = Assets.xcassets; sourceTree = "<group>"; };
		F20F1C5A1F94273A00059BAA /* Base */ = {isa = PBXFileReference; lastKnownFileType = file.storyboard; name = Base; path = Base.lproj/LaunchScreen.storyboard; sourceTree = "<group>"; };
		F20F1C5C1F94273A00059BAA /* Info.plist */ = {isa = PBXFileReference; lastKnownFileType = text.plist.xml; path = Info.plist; sourceTree = "<group>"; };
		F20F1C611F94273A00059BAA /* Personal BudgetTests.xctest */ = {isa = PBXFileReference; explicitFileType = wrapper.cfbundle; includeInIndex = 0; path = "Personal BudgetTests.xctest"; sourceTree = BUILT_PRODUCTS_DIR; };
		F20F1C651F94273A00059BAA /* Personal_BudgetTests.swift */ = {isa = PBXFileReference; lastKnownFileType = sourcecode.swift; path = Personal_BudgetTests.swift; sourceTree = "<group>"; };
		F20F1C671F94273A00059BAA /* Info.plist */ = {isa = PBXFileReference; lastKnownFileType = text.plist.xml; path = Info.plist; sourceTree = "<group>"; };
		F20F1C6C1F94273A00059BAA /* Personal BudgetUITests.xctest */ = {isa = PBXFileReference; explicitFileType = wrapper.cfbundle; includeInIndex = 0; path = "Personal BudgetUITests.xctest"; sourceTree = BUILT_PRODUCTS_DIR; };
		F20F1C701F94273A00059BAA /* Personal_BudgetUITests.swift */ = {isa = PBXFileReference; lastKnownFileType = sourcecode.swift; path = Personal_BudgetUITests.swift; sourceTree = "<group>"; };
		F20F1C721F94273A00059BAA /* Info.plist */ = {isa = PBXFileReference; lastKnownFileType = text.plist.xml; path = Info.plist; sourceTree = "<group>"; };
		F24636E81F99924B00B5EB2D /* LoginViewController.swift */ = {isa = PBXFileReference; lastKnownFileType = sourcecode.swift; path = LoginViewController.swift; sourceTree = "<group>"; };
		F24636F01F99B75B00B5EB2D /* MainMenuController.swift */ = {isa = PBXFileReference; lastKnownFileType = sourcecode.swift; path = MainMenuController.swift; sourceTree = "<group>"; };
		F24636F21F99CA3B00B5EB2D /* AddController.swift */ = {isa = PBXFileReference; lastKnownFileType = sourcecode.swift; path = AddController.swift; sourceTree = "<group>"; };
		F24636F51F9AC4AF00B5EB2D /* NewAccountController.swift */ = {isa = PBXFileReference; lastKnownFileType = sourcecode.swift; path = NewAccountController.swift; sourceTree = "<group>"; };
		F2AD7E8A1FEDA28F003D720D /* SpendingsController.swift */ = {isa = PBXFileReference; lastKnownFileType = sourcecode.swift; path = SpendingsController.swift; sourceTree = "<group>"; };
		F2BEB1B01F9D4E4600A3BFD6 /* DataBase.swift */ = {isa = PBXFileReference; lastKnownFileType = sourcecode.swift; path = DataBase.swift; sourceTree = "<group>"; };
		F2F85FAA1FA7AE43005E2474 /* GoogleService-Info.plist */ = {isa = PBXFileReference; fileEncoding = 4; lastKnownFileType = text.plist.xml; path = "GoogleService-Info.plist"; sourceTree = "<group>"; };
/* End PBXFileReference section */

/* Begin PBXFrameworksBuildPhase section */
		F20F1C4A1F94273A00059BAA /* Frameworks */ = {
			isa = PBXFrameworksBuildPhase;
			buildActionMask = 2147483647;
			files = (
				858684A11E57BEF418D2FC28 /* Pods_Personal_Budget.framework in Frameworks */,
			);
			runOnlyForDeploymentPostprocessing = 0;
		};
		F20F1C5E1F94273A00059BAA /* Frameworks */ = {
			isa = PBXFrameworksBuildPhase;
			buildActionMask = 2147483647;
			files = (
				346DEC8BF3745E06B5B2420C /* Pods_Personal_BudgetTests.framework in Frameworks */,
			);
			runOnlyForDeploymentPostprocessing = 0;
		};
		F20F1C691F94273A00059BAA /* Frameworks */ = {
			isa = PBXFrameworksBuildPhase;
			buildActionMask = 2147483647;
			files = (
				3E45DAFF23B21878A500F6FF /* Pods_Personal_BudgetUITests.framework in Frameworks */,
			);
			runOnlyForDeploymentPostprocessing = 0;
		};
/* End PBXFrameworksBuildPhase section */

/* Begin PBXGroup section */
		BC28B43BF09B7B0563AA0BF6 /* Frameworks */ = {
			isa = PBXGroup;
			children = (
				420E49C9770317A2477DD894 /* Pods_Personal_Budget.framework */,
				04FA2AF0E35B20F0474771DA /* Pods_Personal_BudgetTests.framework */,
				945FF86BA231ED3FFD52C02D /* Pods_Personal_BudgetUITests.framework */,
			);
			name = Frameworks;
			sourceTree = "<group>";
		};
		C036EE9B047E6446DC91A5DC /* Pods */ = {
			isa = PBXGroup;
			children = (
				25A95D03A8BC7E38F354A954 /* Pods-Personal Budget.debug.xcconfig */,
				0227ED621DD256AC877B3275 /* Pods-Personal Budget.release.xcconfig */,
				0D1120DF4B55C8D79DE3137F /* Pods-Personal BudgetTests.debug.xcconfig */,
				7394AC932BC09C316E6F02B6 /* Pods-Personal BudgetTests.release.xcconfig */,
				EC8C542310FA05C808D04863 /* Pods-Personal BudgetUITests.debug.xcconfig */,
				AC9D371D7DF321D629C1A7C8 /* Pods-Personal BudgetUITests.release.xcconfig */,
			);
			name = Pods;
			sourceTree = "<group>";
		};
		F2014CEB202D438C00E28142 /* Money Class */ = {
			isa = PBXGroup;
			children = (
				F2014CFC202D43F200E28142 /* Money.h */,
				F2014CF1202D43E000E28142 /* Autogenerated.swift */,
				F2014CED202D43DF00E28142 /* Currency.swift */,
				F2014CF2202D43E000E28142 /* CurrencyProtocol.swift */,
				F2014CF3202D43E000E28142 /* Decimal+Extensions.swift */,
				F2014CEE202D43DF00E28142 /* ISOMoney.swift */,
				F2014CEC202D43DF00E28142 /* Money.swift */,
				F2014CF0202D43DF00E28142 /* MoneyProtocol.swift */,
				F2014CEF202D43DF00E28142 /* NSLocale+Extensions.swift */,
			);
			path = "Money Class";
			sourceTree = "<group>";
		};
		F20F1C441F94273A00059BAA = {
			isa = PBXGroup;
			children = (
				F20F1C4F1F94273A00059BAA /* Personal Budget */,
				F20F1C641F94273A00059BAA /* Personal BudgetTests */,
				F20F1C6F1F94273A00059BAA /* Personal BudgetUITests */,
				F20F1C4E1F94273A00059BAA /* Products */,
				C036EE9B047E6446DC91A5DC /* Pods */,
				BC28B43BF09B7B0563AA0BF6 /* Frameworks */,
			);
			sourceTree = "<group>";
		};
		F20F1C4E1F94273A00059BAA /* Products */ = {
			isa = PBXGroup;
			children = (
				F20F1C4D1F94273A00059BAA /* Personal Budget.app */,
				F20F1C611F94273A00059BAA /* Personal BudgetTests.xctest */,
				F20F1C6C1F94273A00059BAA /* Personal BudgetUITests.xctest */,
			);
			name = Products;
			sourceTree = "<group>";
		};
		F20F1C4F1F94273A00059BAA /* Personal Budget */ = {
			isa = PBXGroup;
			children = (
				F2014CEB202D438C00E28142 /* Money Class */,
				F2BEB1AF1F9D4E3200A3BFD6 /* Swift Classes */,
				F24636F71F9AC51000B5EB2D /* StoryBoards */,
				F24636F41F9AC38200B5EB2D /* View Controllers */,
				F20F1C501F94273A00059BAA /* AppDelegate.swift */,
				F20F1C571F94273A00059BAA /* Assets.xcassets */,
				F2F85FAA1FA7AE43005E2474 /* GoogleService-Info.plist */,
				F20F1C5C1F94273A00059BAA /* Info.plist */,
			);
			path = "Personal Budget";
			sourceTree = "<group>";
		};
		F20F1C641F94273A00059BAA /* Personal BudgetTests */ = {
			isa = PBXGroup;
			children = (
				F20F1C651F94273A00059BAA /* Personal_BudgetTests.swift */,
				F20F1C671F94273A00059BAA /* Info.plist */,
			);
			path = "Personal BudgetTests";
			sourceTree = "<group>";
		};
		F20F1C6F1F94273A00059BAA /* Personal BudgetUITests */ = {
			isa = PBXGroup;
			children = (
				F20F1C701F94273A00059BAA /* Personal_BudgetUITests.swift */,
				F20F1C721F94273A00059BAA /* Info.plist */,
			);
			path = "Personal BudgetUITests";
			sourceTree = "<group>";
		};
		F24636F41F9AC38200B5EB2D /* View Controllers */ = {
			isa = PBXGroup;
			children = (
				F24636F01F99B75B00B5EB2D /* MainMenuController.swift */,
				F24636E81F99924B00B5EB2D /* LoginViewController.swift */,
				F24636F21F99CA3B00B5EB2D /* AddController.swift */,
				F24636F51F9AC4AF00B5EB2D /* NewAccountController.swift */,
				F2AD7E8A1FEDA28F003D720D /* SpendingsController.swift */,
				F2014CFF202D455900E28142 /* MoneyTestViewController.swift */,
			);
			path = "View Controllers";
			sourceTree = "<group>";
		};
		F24636F71F9AC51000B5EB2D /* StoryBoards */ = {
			isa = PBXGroup;
			children = (
				F20F1C541F94273A00059BAA /* Main.storyboard */,
				F20F1C591F94273A00059BAA /* LaunchScreen.storyboard */,
			);
			path = StoryBoards;
			sourceTree = "<group>";
		};
		F2BEB1AF1F9D4E3200A3BFD6 /* Swift Classes */ = {
			isa = PBXGroup;
			children = (
				F2BEB1B01F9D4E4600A3BFD6 /* DataBase.swift */,
			);
			path = "Swift Classes";
			sourceTree = "<group>";
		};
/* End PBXGroup section */

/* Begin PBXNativeTarget section */
		F20F1C4C1F94273A00059BAA /* Personal Budget */ = {
			isa = PBXNativeTarget;
			buildConfigurationList = F20F1C751F94273A00059BAA /* Build configuration list for PBXNativeTarget "Personal Budget" */;
			buildPhases = (
				C89D4CE1EF877E32BDB63CF7 /* [CP] Check Pods Manifest.lock */,
				F20F1C491F94273A00059BAA /* Sources */,
				F20F1C4A1F94273A00059BAA /* Frameworks */,
				F20F1C4B1F94273A00059BAA /* Resources */,
				0EEE1620A13D7168A1CEF0E6 /* [CP] Embed Pods Frameworks */,
				5F32BEBEB3AE0760518C12EF /* [CP] Copy Pods Resources */,
			);
			buildRules = (
			);
			dependencies = (
			);
			name = "Personal Budget";
			productName = "Personal Budget";
			productReference = F20F1C4D1F94273A00059BAA /* Personal Budget.app */;
			productType = "com.apple.product-type.application";
		};
		F20F1C601F94273A00059BAA /* Personal BudgetTests */ = {
			isa = PBXNativeTarget;
			buildConfigurationList = F20F1C781F94273A00059BAA /* Build configuration list for PBXNativeTarget "Personal BudgetTests" */;
			buildPhases = (
				B7C9CC94D7B22D6F608058ED /* [CP] Check Pods Manifest.lock */,
				F20F1C5D1F94273A00059BAA /* Sources */,
				F20F1C5E1F94273A00059BAA /* Frameworks */,
				F20F1C5F1F94273A00059BAA /* Resources */,
				837FA0C38A97C0F361789C38 /* [CP] Embed Pods Frameworks */,
				869743034B5C5332BDB40175 /* [CP] Copy Pods Resources */,
			);
			buildRules = (
			);
			dependencies = (
				F20F1C631F94273A00059BAA /* PBXTargetDependency */,
			);
			name = "Personal BudgetTests";
			productName = "Personal BudgetTests";
			productReference = F20F1C611F94273A00059BAA /* Personal BudgetTests.xctest */;
			productType = "com.apple.product-type.bundle.unit-test";
		};
		F20F1C6B1F94273A00059BAA /* Personal BudgetUITests */ = {
			isa = PBXNativeTarget;
			buildConfigurationList = F20F1C7B1F94273A00059BAA /* Build configuration list for PBXNativeTarget "Personal BudgetUITests" */;
			buildPhases = (
				8DDC7E6396171D08E12E2F0E /* [CP] Check Pods Manifest.lock */,
				F20F1C681F94273A00059BAA /* Sources */,
				F20F1C691F94273A00059BAA /* Frameworks */,
				F20F1C6A1F94273A00059BAA /* Resources */,
				9134978C860245EA54347250 /* [CP] Embed Pods Frameworks */,
				810C7AED355647A69ED5324D /* [CP] Copy Pods Resources */,
			);
			buildRules = (
			);
			dependencies = (
				F20F1C6E1F94273A00059BAA /* PBXTargetDependency */,
			);
			name = "Personal BudgetUITests";
			productName = "Personal BudgetUITests";
			productReference = F20F1C6C1F94273A00059BAA /* Personal BudgetUITests.xctest */;
			productType = "com.apple.product-type.bundle.ui-testing";
		};
/* End PBXNativeTarget section */

/* Begin PBXProject section */
		F20F1C451F94273A00059BAA /* Project object */ = {
			isa = PBXProject;
			attributes = {
				LastSwiftUpdateCheck = 0910;
				LastUpgradeCheck = 0910;
				ORGANIZATIONNAME = "Zach Bockskopf";
				TargetAttributes = {
					F20F1C4C1F94273A00059BAA = {
						CreatedOnToolsVersion = 9.1;
						ProvisioningStyle = Automatic;
					};
					F20F1C601F94273A00059BAA = {
						CreatedOnToolsVersion = 9.1;
						ProvisioningStyle = Automatic;
						TestTargetID = F20F1C4C1F94273A00059BAA;
					};
					F20F1C6B1F94273A00059BAA = {
						CreatedOnToolsVersion = 9.1;
						ProvisioningStyle = Automatic;
						TestTargetID = F20F1C4C1F94273A00059BAA;
					};
				};
			};
			buildConfigurationList = F20F1C481F94273A00059BAA /* Build configuration list for PBXProject "Personal Budget" */;
			compatibilityVersion = "Xcode 8.0";
			developmentRegion = en;
			hasScannedForEncodings = 0;
			knownRegions = (
				en,
				Base,
			);
			mainGroup = F20F1C441F94273A00059BAA;
			productRefGroup = F20F1C4E1F94273A00059BAA /* Products */;
			projectDirPath = "";
			projectRoot = "";
			targets = (
				F20F1C4C1F94273A00059BAA /* Personal Budget */,
				F20F1C601F94273A00059BAA /* Personal BudgetTests */,
				F20F1C6B1F94273A00059BAA /* Personal BudgetUITests */,
			);
		};
/* End PBXProject section */

/* Begin PBXResourcesBuildPhase section */
		F20F1C4B1F94273A00059BAA /* Resources */ = {
			isa = PBXResourcesBuildPhase;
			buildActionMask = 2147483647;
			files = (
				F20F1C5B1F94273A00059BAA /* LaunchScreen.storyboard in Resources */,
				F2F85FAB1FA7AE43005E2474 /* GoogleService-Info.plist in Resources */,
				F20F1C581F94273A00059BAA /* Assets.xcassets in Resources */,
				F20F1C561F94273A00059BAA /* Main.storyboard in Resources */,
			);
			runOnlyForDeploymentPostprocessing = 0;
		};
		F20F1C5F1F94273A00059BAA /* Resources */ = {
			isa = PBXResourcesBuildPhase;
			buildActionMask = 2147483647;
			files = (
			);
			runOnlyForDeploymentPostprocessing = 0;
		};
		F20F1C6A1F94273A00059BAA /* Resources */ = {
			isa = PBXResourcesBuildPhase;
			buildActionMask = 2147483647;
			files = (
			);
			runOnlyForDeploymentPostprocessing = 0;
		};
/* End PBXResourcesBuildPhase section */

/* Begin PBXShellScriptBuildPhase section */
		0EEE1620A13D7168A1CEF0E6 /* [CP] Embed Pods Frameworks */ = {
			isa = PBXShellScriptBuildPhase;
			buildActionMask = 2147483647;
			files = (
			);
			inputPaths = (
				"${SRCROOT}/Pods/Target Support Files/Pods-Personal Budget/Pods-Personal Budget-frameworks.sh",
				"${BUILT_PRODUCTS_DIR}/GTMOAuth2/GTMOAuth2.framework",
				"${BUILT_PRODUCTS_DIR}/GTMSessionFetcher/GTMSessionFetcher.framework",
				"${BUILT_PRODUCTS_DIR}/GoogleToolboxForMac/GoogleToolboxForMac.framework",
				"${BUILT_PRODUCTS_DIR}/leveldb-library/leveldb.framework",
				"${BUILT_PRODUCTS_DIR}/nanopb/nanopb.framework",
			);
			name = "[CP] Embed Pods Frameworks";
			outputPaths = (
				"${TARGET_BUILD_DIR}/${FRAMEWORKS_FOLDER_PATH}/GTMOAuth2.framework",
				"${TARGET_BUILD_DIR}/${FRAMEWORKS_FOLDER_PATH}/GTMSessionFetcher.framework",
				"${TARGET_BUILD_DIR}/${FRAMEWORKS_FOLDER_PATH}/GoogleToolboxForMac.framework",
				"${TARGET_BUILD_DIR}/${FRAMEWORKS_FOLDER_PATH}/leveldb.framework",
				"${TARGET_BUILD_DIR}/${FRAMEWORKS_FOLDER_PATH}/nanopb.framework",
			);
			runOnlyForDeploymentPostprocessing = 0;
			shellPath = /bin/sh;
			shellScript = "\"${SRCROOT}/Pods/Target Support Files/Pods-Personal Budget/Pods-Personal Budget-frameworks.sh\"\n";
			showEnvVarsInLog = 0;
		};
		5F32BEBEB3AE0760518C12EF /* [CP] Copy Pods Resources */ = {
			isa = PBXShellScriptBuildPhase;
			buildActionMask = 2147483647;
			files = (
			);
			inputPaths = (
				"${SRCROOT}/Pods/Target Support Files/Pods-Personal Budget/Pods-Personal Budget-resources.sh",
				"${PODS_ROOT}/GoogleSignIn/Resources/GoogleSignIn.bundle",
			);
			name = "[CP] Copy Pods Resources";
			outputPaths = (
				"${TARGET_BUILD_DIR}/${UNLOCALIZED_RESOURCES_FOLDER_PATH}",
			);
			runOnlyForDeploymentPostprocessing = 0;
			shellPath = /bin/sh;
			shellScript = "\"${SRCROOT}/Pods/Target Support Files/Pods-Personal Budget/Pods-Personal Budget-resources.sh\"\n";
			showEnvVarsInLog = 0;
		};
		810C7AED355647A69ED5324D /* [CP] Copy Pods Resources */ = {
			isa = PBXShellScriptBuildPhase;
			buildActionMask = 2147483647;
			files = (
			);
			inputPaths = (
			);
			name = "[CP] Copy Pods Resources";
			outputPaths = (
			);
			runOnlyForDeploymentPostprocessing = 0;
			shellPath = /bin/sh;
			shellScript = "\"${SRCROOT}/Pods/Target Support Files/Pods-Personal BudgetUITests/Pods-Personal BudgetUITests-resources.sh\"\n";
			showEnvVarsInLog = 0;
		};
		837FA0C38A97C0F361789C38 /* [CP] Embed Pods Frameworks */ = {
			isa = PBXShellScriptBuildPhase;
			buildActionMask = 2147483647;
			files = (
			);
			inputPaths = (
			);
			name = "[CP] Embed Pods Frameworks";
			outputPaths = (
			);
			runOnlyForDeploymentPostprocessing = 0;
			shellPath = /bin/sh;
			shellScript = "\"${SRCROOT}/Pods/Target Support Files/Pods-Personal BudgetTests/Pods-Personal BudgetTests-frameworks.sh\"\n";
			showEnvVarsInLog = 0;
		};
		869743034B5C5332BDB40175 /* [CP] Copy Pods Resources */ = {
			isa = PBXShellScriptBuildPhase;
			buildActionMask = 2147483647;
			files = (
			);
			inputPaths = (
			);
			name = "[CP] Copy Pods Resources";
			outputPaths = (
			);
			runOnlyForDeploymentPostprocessing = 0;
			shellPath = /bin/sh;
			shellScript = "\"${SRCROOT}/Pods/Target Support Files/Pods-Personal BudgetTests/Pods-Personal BudgetTests-resources.sh\"\n";
			showEnvVarsInLog = 0;
		};
		8DDC7E6396171D08E12E2F0E /* [CP] Check Pods Manifest.lock */ = {
			isa = PBXShellScriptBuildPhase;
			buildActionMask = 2147483647;
			files = (
			);
			inputPaths = (
				"${PODS_PODFILE_DIR_PATH}/Podfile.lock",
				"${PODS_ROOT}/Manifest.lock",
			);
			name = "[CP] Check Pods Manifest.lock";
			outputPaths = (
				"$(DERIVED_FILE_DIR)/Pods-Personal BudgetUITests-checkManifestLockResult.txt",
			);
			runOnlyForDeploymentPostprocessing = 0;
			shellPath = /bin/sh;
			shellScript = "diff \"${PODS_PODFILE_DIR_PATH}/Podfile.lock\" \"${PODS_ROOT}/Manifest.lock\" > /dev/null\nif [ $? != 0 ] ; then\n    # print error to STDERR\n    echo \"error: The sandbox is not in sync with the Podfile.lock. Run 'pod install' or update your CocoaPods installation.\" >&2\n    exit 1\nfi\n# This output is used by Xcode 'outputs' to avoid re-running this script phase.\necho \"SUCCESS\" > \"${SCRIPT_OUTPUT_FILE_0}\"\n";
			showEnvVarsInLog = 0;
		};
		9134978C860245EA54347250 /* [CP] Embed Pods Frameworks */ = {
			isa = PBXShellScriptBuildPhase;
			buildActionMask = 2147483647;
			files = (
			);
			inputPaths = (
			);
			name = "[CP] Embed Pods Frameworks";
			outputPaths = (
			);
			runOnlyForDeploymentPostprocessing = 0;
			shellPath = /bin/sh;
			shellScript = "\"${SRCROOT}/Pods/Target Support Files/Pods-Personal BudgetUITests/Pods-Personal BudgetUITests-frameworks.sh\"\n";
			showEnvVarsInLog = 0;
		};
		B7C9CC94D7B22D6F608058ED /* [CP] Check Pods Manifest.lock */ = {
			isa = PBXShellScriptBuildPhase;
			buildActionMask = 2147483647;
			files = (
			);
			inputPaths = (
				"${PODS_PODFILE_DIR_PATH}/Podfile.lock",
				"${PODS_ROOT}/Manifest.lock",
			);
			name = "[CP] Check Pods Manifest.lock";
			outputPaths = (
				"$(DERIVED_FILE_DIR)/Pods-Personal BudgetTests-checkManifestLockResult.txt",
			);
			runOnlyForDeploymentPostprocessing = 0;
			shellPath = /bin/sh;
			shellScript = "diff \"${PODS_PODFILE_DIR_PATH}/Podfile.lock\" \"${PODS_ROOT}/Manifest.lock\" > /dev/null\nif [ $? != 0 ] ; then\n    # print error to STDERR\n    echo \"error: The sandbox is not in sync with the Podfile.lock. Run 'pod install' or update your CocoaPods installation.\" >&2\n    exit 1\nfi\n# This output is used by Xcode 'outputs' to avoid re-running this script phase.\necho \"SUCCESS\" > \"${SCRIPT_OUTPUT_FILE_0}\"\n";
			showEnvVarsInLog = 0;
		};
		C89D4CE1EF877E32BDB63CF7 /* [CP] Check Pods Manifest.lock */ = {
			isa = PBXShellScriptBuildPhase;
			buildActionMask = 2147483647;
			files = (
			);
			inputPaths = (
				"${PODS_PODFILE_DIR_PATH}/Podfile.lock",
				"${PODS_ROOT}/Manifest.lock",
			);
			name = "[CP] Check Pods Manifest.lock";
			outputPaths = (
				"$(DERIVED_FILE_DIR)/Pods-Personal Budget-checkManifestLockResult.txt",
			);
			runOnlyForDeploymentPostprocessing = 0;
			shellPath = /bin/sh;
			shellScript = "diff \"${PODS_PODFILE_DIR_PATH}/Podfile.lock\" \"${PODS_ROOT}/Manifest.lock\" > /dev/null\nif [ $? != 0 ] ; then\n    # print error to STDERR\n    echo \"error: The sandbox is not in sync with the Podfile.lock. Run 'pod install' or update your CocoaPods installation.\" >&2\n    exit 1\nfi\n# This output is used by Xcode 'outputs' to avoid re-running this script phase.\necho \"SUCCESS\" > \"${SCRIPT_OUTPUT_FILE_0}\"\n";
			showEnvVarsInLog = 0;
		};
/* End PBXShellScriptBuildPhase section */

/* Begin PBXSourcesBuildPhase section */
		F20F1C491F94273A00059BAA /* Sources */ = {
			isa = PBXSourcesBuildPhase;
			buildActionMask = 2147483647;
			files = (
				F2014CFA202D43E000E28142 /* CurrencyProtocol.swift in Sources */,
				F2014CF8202D43E000E28142 /* MoneyProtocol.swift in Sources */,
				F2014CF5202D43E000E28142 /* Currency.swift in Sources */,
				F24636E91F99924C00B5EB2D /* LoginViewController.swift in Sources */,
				F2AD7E8B1FEDA28F003D720D /* SpendingsController.swift in Sources */,
				F24636F61F9AC4AF00B5EB2D /* NewAccountController.swift in Sources */,
				F20F1C511F94273A00059BAA /* AppDelegate.swift in Sources */,
				F2014CF7202D43E000E28142 /* NSLocale+Extensions.swift in Sources */,
				F24636F11F99B75B00B5EB2D /* MainMenuController.swift in Sources */,
				F2014CFB202D43E000E28142 /* Decimal+Extensions.swift in Sources */,
				F2014CF6202D43E000E28142 /* ISOMoney.swift in Sources */,
				F2BEB1B11F9D4E4600A3BFD6 /* DataBase.swift in Sources */,
				F2014CF9202D43E000E28142 /* Autogenerated.swift in Sources */,
				F2014CF4202D43E000E28142 /* Money.swift in Sources */,
				F24636F31F99CA3B00B5EB2D /* AddController.swift in Sources */,
				F2014D00202D455900E28142 /* MoneyTestViewController.swift in Sources */,
			);
			runOnlyForDeploymentPostprocessing = 0;
		};
		F20F1C5D1F94273A00059BAA /* Sources */ = {
			isa = PBXSourcesBuildPhase;
			buildActionMask = 2147483647;
			files = (
				F20F1C661F94273A00059BAA /* Personal_BudgetTests.swift in Sources */,
			);
			runOnlyForDeploymentPostprocessing = 0;
		};
		F20F1C681F94273A00059BAA /* Sources */ = {
			isa = PBXSourcesBuildPhase;
			buildActionMask = 2147483647;
			files = (
				F20F1C711F94273A00059BAA /* Personal_BudgetUITests.swift in Sources */,
			);
			runOnlyForDeploymentPostprocessing = 0;
		};
/* End PBXSourcesBuildPhase section */

/* Begin PBXTargetDependency section */
		F20F1C631F94273A00059BAA /* PBXTargetDependency */ = {
			isa = PBXTargetDependency;
			target = F20F1C4C1F94273A00059BAA /* Personal Budget */;
			targetProxy = F20F1C621F94273A00059BAA /* PBXContainerItemProxy */;
		};
		F20F1C6E1F94273A00059BAA /* PBXTargetDependency */ = {
			isa = PBXTargetDependency;
			target = F20F1C4C1F94273A00059BAA /* Personal Budget */;
			targetProxy = F20F1C6D1F94273A00059BAA /* PBXContainerItemProxy */;
		};
/* End PBXTargetDependency section */

/* Begin PBXVariantGroup section */
		F20F1C541F94273A00059BAA /* Main.storyboard */ = {
			isa = PBXVariantGroup;
			children = (
				F20F1C551F94273A00059BAA /* Base */,
			);
			name = Main.storyboard;
			sourceTree = "<group>";
		};
		F20F1C591F94273A00059BAA /* LaunchScreen.storyboard */ = {
			isa = PBXVariantGroup;
			children = (
				F20F1C5A1F94273A00059BAA /* Base */,
			);
			name = LaunchScreen.storyboard;
			sourceTree = "<group>";
		};
/* End PBXVariantGroup section */

/* Begin XCBuildConfiguration section */
		F20F1C731F94273A00059BAA /* Debug */ = {
			isa = XCBuildConfiguration;
			buildSettings = {
				ALWAYS_SEARCH_USER_PATHS = NO;
				CLANG_ANALYZER_NONNULL = YES;
				CLANG_ANALYZER_NUMBER_OBJECT_CONVERSION = YES_AGGRESSIVE;
				CLANG_CXX_LANGUAGE_STANDARD = "gnu++14";
				CLANG_CXX_LIBRARY = "libc++";
				CLANG_ENABLE_MODULES = YES;
				CLANG_ENABLE_OBJC_ARC = YES;
				CLANG_WARN_BLOCK_CAPTURE_AUTORELEASING = YES;
				CLANG_WARN_BOOL_CONVERSION = YES;
				CLANG_WARN_COMMA = YES;
				CLANG_WARN_CONSTANT_CONVERSION = YES;
				CLANG_WARN_DIRECT_OBJC_ISA_USAGE = YES_ERROR;
				CLANG_WARN_DOCUMENTATION_COMMENTS = YES;
				CLANG_WARN_EMPTY_BODY = YES;
				CLANG_WARN_ENUM_CONVERSION = YES;
				CLANG_WARN_INFINITE_RECURSION = YES;
				CLANG_WARN_INT_CONVERSION = YES;
				CLANG_WARN_NON_LITERAL_NULL_CONVERSION = YES;
				CLANG_WARN_OBJC_LITERAL_CONVERSION = YES;
				CLANG_WARN_OBJC_ROOT_CLASS = YES_ERROR;
				CLANG_WARN_RANGE_LOOP_ANALYSIS = YES;
				CLANG_WARN_STRICT_PROTOTYPES = YES;
				CLANG_WARN_SUSPICIOUS_MOVE = YES;
				CLANG_WARN_UNGUARDED_AVAILABILITY = YES_AGGRESSIVE;
				CLANG_WARN_UNREACHABLE_CODE = YES;
				CLANG_WARN__DUPLICATE_METHOD_MATCH = YES;
				CODE_SIGN_IDENTITY = "iPhone Developer";
				COPY_PHASE_STRIP = NO;
				DEBUG_INFORMATION_FORMAT = dwarf;
				ENABLE_STRICT_OBJC_MSGSEND = YES;
				ENABLE_TESTABILITY = YES;
				GCC_C_LANGUAGE_STANDARD = gnu11;
				GCC_DYNAMIC_NO_PIC = NO;
				GCC_NO_COMMON_BLOCKS = YES;
				GCC_OPTIMIZATION_LEVEL = 0;
				GCC_PREPROCESSOR_DEFINITIONS = (
					"DEBUG=1",
					"$(inherited)",
				);
				GCC_WARN_64_TO_32_BIT_CONVERSION = YES;
				GCC_WARN_ABOUT_RETURN_TYPE = YES_ERROR;
				GCC_WARN_UNDECLARED_SELECTOR = YES;
				GCC_WARN_UNINITIALIZED_AUTOS = YES_AGGRESSIVE;
				GCC_WARN_UNUSED_FUNCTION = YES;
				GCC_WARN_UNUSED_VARIABLE = YES;
				IPHONEOS_DEPLOYMENT_TARGET = 11.1;
				MTL_ENABLE_DEBUG_INFO = YES;
				ONLY_ACTIVE_ARCH = YES;
				SDKROOT = iphoneos;
				SWIFT_ACTIVE_COMPILATION_CONDITIONS = DEBUG;
				SWIFT_OPTIMIZATION_LEVEL = "-Onone";
			};
			name = Debug;
		};
		F20F1C741F94273A00059BAA /* Release */ = {
			isa = XCBuildConfiguration;
			buildSettings = {
				ALWAYS_SEARCH_USER_PATHS = NO;
				CLANG_ANALYZER_NONNULL = YES;
				CLANG_ANALYZER_NUMBER_OBJECT_CONVERSION = YES_AGGRESSIVE;
				CLANG_CXX_LANGUAGE_STANDARD = "gnu++14";
				CLANG_CXX_LIBRARY = "libc++";
				CLANG_ENABLE_MODULES = YES;
				CLANG_ENABLE_OBJC_ARC = YES;
				CLANG_WARN_BLOCK_CAPTURE_AUTORELEASING = YES;
				CLANG_WARN_BOOL_CONVERSION = YES;
				CLANG_WARN_COMMA = YES;
				CLANG_WARN_CONSTANT_CONVERSION = YES;
				CLANG_WARN_DIRECT_OBJC_ISA_USAGE = YES_ERROR;
				CLANG_WARN_DOCUMENTATION_COMMENTS = YES;
				CLANG_WARN_EMPTY_BODY = YES;
				CLANG_WARN_ENUM_CONVERSION = YES;
				CLANG_WARN_INFINITE_RECURSION = YES;
				CLANG_WARN_INT_CONVERSION = YES;
				CLANG_WARN_NON_LITERAL_NULL_CONVERSION = YES;
				CLANG_WARN_OBJC_LITERAL_CONVERSION = YES;
				CLANG_WARN_OBJC_ROOT_CLASS = YES_ERROR;
				CLANG_WARN_RANGE_LOOP_ANALYSIS = YES;
				CLANG_WARN_STRICT_PROTOTYPES = YES;
				CLANG_WARN_SUSPICIOUS_MOVE = YES;
				CLANG_WARN_UNGUARDED_AVAILABILITY = YES_AGGRESSIVE;
				CLANG_WARN_UNREACHABLE_CODE = YES;
				CLANG_WARN__DUPLICATE_METHOD_MATCH = YES;
				CODE_SIGN_IDENTITY = "iPhone Developer";
				COPY_PHASE_STRIP = NO;
				DEBUG_INFORMATION_FORMAT = "dwarf-with-dsym";
				ENABLE_NS_ASSERTIONS = NO;
				ENABLE_STRICT_OBJC_MSGSEND = YES;
				GCC_C_LANGUAGE_STANDARD = gnu11;
				GCC_NO_COMMON_BLOCKS = YES;
				GCC_WARN_64_TO_32_BIT_CONVERSION = YES;
				GCC_WARN_ABOUT_RETURN_TYPE = YES_ERROR;
				GCC_WARN_UNDECLARED_SELECTOR = YES;
				GCC_WARN_UNINITIALIZED_AUTOS = YES_AGGRESSIVE;
				GCC_WARN_UNUSED_FUNCTION = YES;
				GCC_WARN_UNUSED_VARIABLE = YES;
				IPHONEOS_DEPLOYMENT_TARGET = 11.1;
				MTL_ENABLE_DEBUG_INFO = NO;
				SDKROOT = iphoneos;
				SWIFT_OPTIMIZATION_LEVEL = "-Owholemodule";
				VALIDATE_PRODUCT = YES;
			};
			name = Release;
		};
		F20F1C761F94273A00059BAA /* Debug */ = {
			isa = XCBuildConfiguration;
			baseConfigurationReference = 25A95D03A8BC7E38F354A954 /* Pods-Personal Budget.debug.xcconfig */;
			buildSettings = {
				ASSETCATALOG_COMPILER_APPICON_NAME = AppIcon;
				"CODE_SIGN_IDENTITY[sdk=iphoneos*]" = "iPhone Developer";
				CODE_SIGN_STYLE = Automatic;
				DEVELOPMENT_TEAM = B6CP63MQWE;
				INFOPLIST_FILE = "Personal Budget/Info.plist";
				IPHONEOS_DEPLOYMENT_TARGET = 11.0;
				LD_RUNPATH_SEARCH_PATHS = "$(inherited) @executable_path/Frameworks";
				PRODUCT_BUNDLE_IDENTIFIER = "Box.Personal-Budget";
				PRODUCT_NAME = "$(TARGET_NAME)";
				PROVISIONING_PROFILE_SPECIFIER = "";
				SWIFT_VERSION = 4.0;
				TARGETED_DEVICE_FAMILY = "1,2";
			};
			name = Debug;
		};
		F20F1C771F94273A00059BAA /* Release */ = {
			isa = XCBuildConfiguration;
			baseConfigurationReference = 0227ED621DD256AC877B3275 /* Pods-Personal Budget.release.xcconfig */;
			buildSettings = {
				ASSETCATALOG_COMPILER_APPICON_NAME = AppIcon;
				"CODE_SIGN_IDENTITY[sdk=iphoneos*]" = "iPhone Developer";
				CODE_SIGN_STYLE = Automatic;
				DEVELOPMENT_TEAM = B6CP63MQWE;
				INFOPLIST_FILE = "Personal Budget/Info.plist";
				IPHONEOS_DEPLOYMENT_TARGET = 11.0;
				LD_RUNPATH_SEARCH_PATHS = "$(inherited) @executable_path/Frameworks";
				PRODUCT_BUNDLE_IDENTIFIER = "Box.Personal-Budget";
				PRODUCT_NAME = "$(TARGET_NAME)";
				PROVISIONING_PROFILE_SPECIFIER = "";
				SWIFT_VERSION = 4.0;
				TARGETED_DEVICE_FAMILY = "1,2";
			};
			name = Release;
		};
		F20F1C791F94273A00059BAA /* Debug */ = {
			isa = XCBuildConfiguration;
			baseConfigurationReference = 0D1120DF4B55C8D79DE3137F /* Pods-Personal BudgetTests.debug.xcconfig */;
			buildSettings = {
				ALWAYS_EMBED_SWIFT_STANDARD_LIBRARIES = YES;
				BUNDLE_LOADER = "$(TEST_HOST)";
				CODE_SIGN_STYLE = Automatic;
				INFOPLIST_FILE = "Personal BudgetTests/Info.plist";
				LD_RUNPATH_SEARCH_PATHS = "$(inherited) @executable_path/Frameworks @loader_path/Frameworks";
				PRODUCT_BUNDLE_IDENTIFIER = "com.box.Personal-BudgetTests";
				PRODUCT_NAME = "$(TARGET_NAME)";
				SWIFT_VERSION = 4.0;
				TARGETED_DEVICE_FAMILY = "1,2";
				TEST_HOST = "$(BUILT_PRODUCTS_DIR)/Personal Budget.app/Personal Budget";
			};
			name = Debug;
		};
		F20F1C7A1F94273A00059BAA /* Release */ = {
			isa = XCBuildConfiguration;
			baseConfigurationReference = 7394AC932BC09C316E6F02B6 /* Pods-Personal BudgetTests.release.xcconfig */;
			buildSettings = {
				ALWAYS_EMBED_SWIFT_STANDARD_LIBRARIES = YES;
				BUNDLE_LOADER = "$(TEST_HOST)";
				CODE_SIGN_STYLE = Automatic;
				INFOPLIST_FILE = "Personal BudgetTests/Info.plist";
				LD_RUNPATH_SEARCH_PATHS = "$(inherited) @executable_path/Frameworks @loader_path/Frameworks";
				PRODUCT_BUNDLE_IDENTIFIER = "com.box.Personal-BudgetTests";
				PRODUCT_NAME = "$(TARGET_NAME)";
				SWIFT_VERSION = 4.0;
				TARGETED_DEVICE_FAMILY = "1,2";
				TEST_HOST = "$(BUILT_PRODUCTS_DIR)/Personal Budget.app/Personal Budget";
			};
			name = Release;
		};
		F20F1C7C1F94273A00059BAA /* Debug */ = {
			isa = XCBuildConfiguration;
			baseConfigurationReference = EC8C542310FA05C808D04863 /* Pods-Personal BudgetUITests.debug.xcconfig */;
			buildSettings = {
				ALWAYS_EMBED_SWIFT_STANDARD_LIBRARIES = YES;
				CODE_SIGN_STYLE = Automatic;
				INFOPLIST_FILE = "Personal BudgetUITests/Info.plist";
				LD_RUNPATH_SEARCH_PATHS = "$(inherited) @executable_path/Frameworks @loader_path/Frameworks";
				PRODUCT_BUNDLE_IDENTIFIER = "com.box.Personal-BudgetUITests";
				PRODUCT_NAME = "$(TARGET_NAME)";
				SWIFT_VERSION = 4.0;
				TARGETED_DEVICE_FAMILY = "1,2";
				TEST_TARGET_NAME = "Personal Budget";
			};
			name = Debug;
		};
		F20F1C7D1F94273A00059BAA /* Release */ = {
			isa = XCBuildConfiguration;
			baseConfigurationReference = AC9D371D7DF321D629C1A7C8 /* Pods-Personal BudgetUITests.release.xcconfig */;
			buildSettings = {
				ALWAYS_EMBED_SWIFT_STANDARD_LIBRARIES = YES;
				CODE_SIGN_STYLE = Automatic;
				INFOPLIST_FILE = "Personal BudgetUITests/Info.plist";
				LD_RUNPATH_SEARCH_PATHS = "$(inherited) @executable_path/Frameworks @loader_path/Frameworks";
				PRODUCT_BUNDLE_IDENTIFIER = "com.box.Personal-BudgetUITests";
				PRODUCT_NAME = "$(TARGET_NAME)";
				SWIFT_VERSION = 4.0;
				TARGETED_DEVICE_FAMILY = "1,2";
				TEST_TARGET_NAME = "Personal Budget";
			};
			name = Release;
		};
/* End XCBuildConfiguration section */

/* Begin XCConfigurationList section */
		F20F1C481F94273A00059BAA /* Build configuration list for PBXProject "Personal Budget" */ = {
			isa = XCConfigurationList;
			buildConfigurations = (
				F20F1C731F94273A00059BAA /* Debug */,
				F20F1C741F94273A00059BAA /* Release */,
			);
			defaultConfigurationIsVisible = 0;
			defaultConfigurationName = Release;
		};
		F20F1C751F94273A00059BAA /* Build configuration list for PBXNativeTarget "Personal Budget" */ = {
			isa = XCConfigurationList;
			buildConfigurations = (
				F20F1C761F94273A00059BAA /* Debug */,
				F20F1C771F94273A00059BAA /* Release */,
			);
			defaultConfigurationIsVisible = 0;
			defaultConfigurationName = Release;
		};
		F20F1C781F94273A00059BAA /* Build configuration list for PBXNativeTarget "Personal BudgetTests" */ = {
			isa = XCConfigurationList;
			buildConfigurations = (
				F20F1C791F94273A00059BAA /* Debug */,
				F20F1C7A1F94273A00059BAA /* Release */,
			);
			defaultConfigurationIsVisible = 0;
			defaultConfigurationName = Release;
		};
		F20F1C7B1F94273A00059BAA /* Build configuration list for PBXNativeTarget "Personal BudgetUITests" */ = {
			isa = XCConfigurationList;
			buildConfigurations = (
				F20F1C7C1F94273A00059BAA /* Debug */,
				F20F1C7D1F94273A00059BAA /* Release */,
			);
			defaultConfigurationIsVisible = 0;
			defaultConfigurationName = Release;
		};
/* End XCConfigurationList section */
	};
	rootObject = F20F1C451F94273A00059BAA /* Project object */;
}
